
Microsoft Visual Studio Solution File, Format Version 12.00
# Visual Studio Version 17
VisualStudioVersion = 17.8.34330.188
MinimumVisualStudioVersion = 10.0.40219.1
Project("{9A19103F-16F7-4668-BE54-9A1E7A4F7556}") = "Task1Geometry", "Task1Geometry\Task1Geometry.csproj", "{A74031C1-2AD0-45CF-97E2-B046F07C69DA}"
EndProject
Project("{9A19103F-16F7-4668-BE54-9A1E7A4F7556}") = "Task2Auto", "Task2Auto\Task2Auto.csproj", "{0252EA1A-4473-4BA4-A42A-AE605F75C7A5}"
EndProject
Project("{9A19103F-16F7-4668-BE54-9A1E7A4F7556}") = "Task3LINQ", "Task3LINQ\Task3LINQ.csproj", "{2D50A1F1-759F-4A14-8B01-1D397D803566}"
EndProject
Project("{FAE04EC0-301F-11D3-BF4B-00C04F79EFBC}") = "Task4Generics", "Task4Generics\Task4Generics.csproj", "{49E348A1-69C8-493A-B6A5-D8F678BAC316}"
EndProject
Global
	GlobalSection(SolutionConfigurationPlatforms) = preSolution
		Debug|Any CPU = Debug|Any CPU
		Release|Any CPU = Release|Any CPU
	EndGlobalSection
	GlobalSection(ProjectConfigurationPlatforms) = postSolution
		{A74031C1-2AD0-45CF-97E2-B046F07C69DA}.Debug|Any CPU.ActiveCfg = Debug|Any CPU
		{A74031C1-2AD0-45CF-97E2-B046F07C69DA}.Debug|Any CPU.Build.0 = Debug|Any CPU
		{A74031C1-2AD0-45CF-97E2-B046F07C69DA}.Release|Any CPU.ActiveCfg = Release|Any CPU
		{A74031C1-2AD0-45CF-97E2-B046F07C69DA}.Release|Any CPU.Build.0 = Release|Any CPU
		{0252EA1A-4473-4BA4-A42A-AE605F75C7A5}.Debug|Any CPU.ActiveCfg = Debug|Any CPU
		{0252EA1A-4473-4BA4-A42A-AE605F75C7A5}.Debug|Any CPU.Build.0 = Debug|Any CPU
		{0252EA1A-4473-4BA4-A42A-AE605F75C7A5}.Release|Any CPU.ActiveCfg = Release|Any CPU
		{0252EA1A-4473-4BA4-A42A-AE605F75C7A5}.Release|Any CPU.Build.0 = Release|Any CPU
		{2D50A1F1-759F-4A14-8B01-1D397D803566}.Debug|Any CPU.ActiveCfg = Debug|Any CPU
		{2D50A1F1-759F-4A14-8B01-1D397D803566}.Debug|Any CPU.Build.0 = Debug|Any CPU
		{2D50A1F1-759F-4A14-8B01-1D397D803566}.Release|Any CPU.ActiveCfg = Release|Any CPU
		{2D50A1F1-759F-4A14-8B01-1D397D803566}.Release|Any CPU.Build.0 = Release|Any CPU
		{49E348A1-69C8-493A-B6A5-D8F678BAC316}.Debug|Any CPU.ActiveCfg = Debug|Any CPU
		{49E348A1-69C8-493A-B6A5-D8F678BAC316}.Debug|Any CPU.Build.0 = Debug|Any CPU
		{49E348A1-69C8-493A-B6A5-D8F678BAC316}.Release|Any CPU.ActiveCfg = Release|Any CPU
		{49E348A1-69C8-493A-B6A5-D8F678BAC316}.Release|Any CPU.Build.0 = Release|Any CPU
	EndGlobalSection
	GlobalSection(SolutionProperties) = preSolution
		HideSolutionNode = FALSE
	EndGlobalSection
	GlobalSection(ExtensibilityGlobals) = postSolution
		SolutionGuid = {4CBB1313-047D-4284-8A58-38CA0AEAD751}
	EndGlobalSection
EndGlobal
